
Microsoft Visual Studio Solution File, Format Version 12.00
# Visual Studio Version 16
VisualStudioVersion = 16.0.31005.135
MinimumVisualStudioVersion = 10.0.40219.1
Project("{9A19103F-16F7-4668-BE54-9A1E7A4F7556}") = "Core", "Core\Core.csproj", "{DED49FFB-A272-4E1F-A591-16E458955690}"
EndProject
Project("{2150E333-8FDC-42A3-9474-1A3956D46DE8}") = "01-Data", "01-Data", "{21DF38B2-9EE5-4009-9DA1-B1EFB99A41D9}"
EndProject
Project("{2150E333-8FDC-42A3-9474-1A3956D46DE8}") = "02-Core", "02-Core", "{E16731D0-1C6B-4207-AC95-5E34AA7B3182}"
EndProject
Project("{2150E333-8FDC-42A3-9474-1A3956D46DE8}") = "03-Logic", "03-Logic", "{F7007094-9B45-45E0-8720-43C312809332}"
EndProject
Project("{FAE04EC0-301F-11D3-BF4B-00C04F79EFBC}") = "Banks", "Banks\Banks.csproj", "{104076E2-6207-46AE-98C6-F1A07B449B73}"
EndProject
Project("{FAE04EC0-301F-11D3-BF4B-00C04F79EFBC}") = "LogicApp", "LogicApp\LogicApp.csproj", "{D5AE1545-F6F1-4024-B004-38C2D068469A}"
EndProject
Project("{2150E333-8FDC-42A3-9474-1A3956D46DE8}") = "00-Tests", "00-Tests", "{E01A7DD0-C677-47FE-B085-B45609CA6F8F}"
EndProject
Project("{FAE04EC0-301F-11D3-BF4B-00C04F79EFBC}") = "BanksTestConsole", "BanksTestConsole\BanksTestConsole.csproj", "{D23B6006-C8C3-4FAB-BC75-8A650942D6D6}"
EndProject
Project("{FAE04EC0-301F-11D3-BF4B-00C04F79EFBC}") = "HtmlParse", "HtmlParse\HtmlParse.csproj", "{8ED75786-79F3-4194-B9DE-97A154631E4D}"
EndProject
Global
	GlobalSection(SolutionConfigurationPlatforms) = preSolution
		Debug|Any CPU = Debug|Any CPU
		Release|Any CPU = Release|Any CPU
	EndGlobalSection
	GlobalSection(ProjectConfigurationPlatforms) = postSolution
		{DED49FFB-A272-4E1F-A591-16E458955690}.Debug|Any CPU.ActiveCfg = Debug|Any CPU
		{DED49FFB-A272-4E1F-A591-16E458955690}.Debug|Any CPU.Build.0 = Debug|Any CPU
		{DED49FFB-A272-4E1F-A591-16E458955690}.Release|Any CPU.ActiveCfg = Release|Any CPU
		{DED49FFB-A272-4E1F-A591-16E458955690}.Release|Any CPU.Build.0 = Release|Any CPU
		{104076E2-6207-46AE-98C6-F1A07B449B73}.Debug|Any CPU.ActiveCfg = Debug|Any CPU
		{104076E2-6207-46AE-98C6-F1A07B449B73}.Debug|Any CPU.Build.0 = Debug|Any CPU
		{104076E2-6207-46AE-98C6-F1A07B449B73}.Release|Any CPU.ActiveCfg = Release|Any CPU
		{104076E2-6207-46AE-98C6-F1A07B449B73}.Release|Any CPU.Build.0 = Release|Any CPU
		{D5AE1545-F6F1-4024-B004-38C2D068469A}.Debug|Any CPU.ActiveCfg = Debug|Any CPU
		{D5AE1545-F6F1-4024-B004-38C2D068469A}.Debug|Any CPU.Build.0 = Debug|Any CPU
		{D5AE1545-F6F1-4024-B004-38C2D068469A}.Release|Any CPU.ActiveCfg = Release|Any CPU
		{D5AE1545-F6F1-4024-B004-38C2D068469A}.Release|Any CPU.Build.0 = Release|Any CPU
		{D23B6006-C8C3-4FAB-BC75-8A650942D6D6}.Debug|Any CPU.ActiveCfg = Debug|Any CPU
		{D23B6006-C8C3-4FAB-BC75-8A650942D6D6}.Debug|Any CPU.Build.0 = Debug|Any CPU
		{D23B6006-C8C3-4FAB-BC75-8A650942D6D6}.Release|Any CPU.ActiveCfg = Release|Any CPU
		{D23B6006-C8C3-4FAB-BC75-8A650942D6D6}.Release|Any CPU.Build.0 = Release|Any CPU
		{8ED75786-79F3-4194-B9DE-97A154631E4D}.Debug|Any CPU.ActiveCfg = Debug|Any CPU
		{8ED75786-79F3-4194-B9DE-97A154631E4D}.Debug|Any CPU.Build.0 = Debug|Any CPU
		{8ED75786-79F3-4194-B9DE-97A154631E4D}.Release|Any CPU.ActiveCfg = Release|Any CPU
		{8ED75786-79F3-4194-B9DE-97A154631E4D}.Release|Any CPU.Build.0 = Release|Any CPU
	EndGlobalSection
	GlobalSection(SolutionProperties) = preSolution
		HideSolutionNode = FALSE
	EndGlobalSection
	GlobalSection(NestedProjects) = preSolution
		{DED49FFB-A272-4E1F-A591-16E458955690} = {E16731D0-1C6B-4207-AC95-5E34AA7B3182}
		{104076E2-6207-46AE-98C6-F1A07B449B73} = {21DF38B2-9EE5-4009-9DA1-B1EFB99A41D9}
		{D5AE1545-F6F1-4024-B004-38C2D068469A} = {F7007094-9B45-45E0-8720-43C312809332}
		{D23B6006-C8C3-4FAB-BC75-8A650942D6D6} = {E01A7DD0-C677-47FE-B085-B45609CA6F8F}
		{8ED75786-79F3-4194-B9DE-97A154631E4D} = {21DF38B2-9EE5-4009-9DA1-B1EFB99A41D9}
	EndGlobalSection
	GlobalSection(ExtensibilityGlobals) = postSolution
		SolutionGuid = {988AA9D4-6813-4813-9155-1B98E2D1B817}
	EndGlobalSection
EndGlobal
