
Microsoft Visual Studio Solution File, Format Version 12.00
# Visual Studio Version 16
VisualStudioVersion = 16.0.31005.135
MinimumVisualStudioVersion = 10.0.40219.1
Project("{9A19103F-16F7-4668-BE54-9A1E7A4F7556}") = "Core", "Core\Core.csproj", "{DED49FFB-A272-4E1F-A591-16E458955690}"
EndProject
Project("{9A19103F-16F7-4668-BE54-9A1E7A4F7556}") = "BanksLogic", "BanksLogic\BanksLogic.csproj", "{DBFD1BFD-3289-4A79-933D-E5778EE0366A}"
EndProject
Project("{2150E333-8FDC-42A3-9474-1A3956D46DE8}") = "01-Banks", "01-Banks", "{21DF38B2-9EE5-4009-9DA1-B1EFB99A41D9}"
EndProject
Project("{2150E333-8FDC-42A3-9474-1A3956D46DE8}") = "02-Core", "02-Core", "{E16731D0-1C6B-4207-AC95-5E34AA7B3182}"
EndProject
Project("{2150E333-8FDC-42A3-9474-1A3956D46DE8}") = "03-Logic", "03-Logic", "{F7007094-9B45-45E0-8720-43C312809332}"
EndProject
Project("{FAE04EC0-301F-11D3-BF4B-00C04F79EFBC}") = "MTBank", "MTBank\MTBank.csproj", "{17B17887-841D-42AF-9CA4-987B5C7157F4}"
EndProject
Global
	GlobalSection(SolutionConfigurationPlatforms) = preSolution
		Debug|Any CPU = Debug|Any CPU
		Release|Any CPU = Release|Any CPU
	EndGlobalSection
	GlobalSection(ProjectConfigurationPlatforms) = postSolution
		{DED49FFB-A272-4E1F-A591-16E458955690}.Debug|Any CPU.ActiveCfg = Debug|Any CPU
		{DED49FFB-A272-4E1F-A591-16E458955690}.Debug|Any CPU.Build.0 = Debug|Any CPU
		{DED49FFB-A272-4E1F-A591-16E458955690}.Release|Any CPU.ActiveCfg = Release|Any CPU
		{DED49FFB-A272-4E1F-A591-16E458955690}.Release|Any CPU.Build.0 = Release|Any CPU
		{DBFD1BFD-3289-4A79-933D-E5778EE0366A}.Debug|Any CPU.ActiveCfg = Debug|Any CPU
		{DBFD1BFD-3289-4A79-933D-E5778EE0366A}.Debug|Any CPU.Build.0 = Debug|Any CPU
		{DBFD1BFD-3289-4A79-933D-E5778EE0366A}.Release|Any CPU.ActiveCfg = Release|Any CPU
		{DBFD1BFD-3289-4A79-933D-E5778EE0366A}.Release|Any CPU.Build.0 = Release|Any CPU
		{17B17887-841D-42AF-9CA4-987B5C7157F4}.Debug|Any CPU.ActiveCfg = Debug|Any CPU
		{17B17887-841D-42AF-9CA4-987B5C7157F4}.Debug|Any CPU.Build.0 = Debug|Any CPU
		{17B17887-841D-42AF-9CA4-987B5C7157F4}.Release|Any CPU.ActiveCfg = Release|Any CPU
		{17B17887-841D-42AF-9CA4-987B5C7157F4}.Release|Any CPU.Build.0 = Release|Any CPU
	EndGlobalSection
	GlobalSection(SolutionProperties) = preSolution
		HideSolutionNode = FALSE
	EndGlobalSection
	GlobalSection(NestedProjects) = preSolution
		{DED49FFB-A272-4E1F-A591-16E458955690} = {E16731D0-1C6B-4207-AC95-5E34AA7B3182}
		{DBFD1BFD-3289-4A79-933D-E5778EE0366A} = {21DF38B2-9EE5-4009-9DA1-B1EFB99A41D9}
		{17B17887-841D-42AF-9CA4-987B5C7157F4} = {21DF38B2-9EE5-4009-9DA1-B1EFB99A41D9}
	EndGlobalSection
	GlobalSection(ExtensibilityGlobals) = postSolution
		SolutionGuid = {988AA9D4-6813-4813-9155-1B98E2D1B817}
	EndGlobalSection
EndGlobal
